// !$*UTF8*$!
{
	archiveVersion = 1;
	classes = {
	};
	objectVersion = 50;
	objects = {

/* Begin PBXBuildFile section */
		27AFFDF20D4B3478BC68D9DB /* Pods_LocalizationKitDemo.framework in Frameworks */ = {isa = PBXBuildFile; fileRef = CC2508A82D35E02F94EC3CAA /* Pods_LocalizationKitDemo.framework */; };
		B3C38B1321E824A200E231F0 /* AppDelegate.swift in Sources */ = {isa = PBXBuildFile; fileRef = B3C38B1221E824A200E231F0 /* AppDelegate.swift */; };
		B3C38B1521E824A200E231F0 /* ViewController.swift in Sources */ = {isa = PBXBuildFile; fileRef = B3C38B1421E824A200E231F0 /* ViewController.swift */; };
		B3C38B1821E824A200E231F0 /* Main.storyboard in Resources */ = {isa = PBXBuildFile; fileRef = B3C38B1621E824A200E231F0 /* Main.storyboard */; };
		B3C38B1A21E824A300E231F0 /* Assets.xcassets in Resources */ = {isa = PBXBuildFile; fileRef = B3C38B1921E824A300E231F0 /* Assets.xcassets */; };
		B3C38B1D21E824A300E231F0 /* LaunchScreen.storyboard in Resources */ = {isa = PBXBuildFile; fileRef = B3C38B1B21E824A300E231F0 /* LaunchScreen.storyboard */; };
/* End PBXBuildFile section */

/* Begin PBXFileReference section */
		16DABDEDCB05095687BCB205 /* Pods-LocalizationKitDemo.release.xcconfig */ = {isa = PBXFileReference; includeInIndex = 1; lastKnownFileType = text.xcconfig; name = "Pods-LocalizationKitDemo.release.xcconfig"; path = "Pods/Target Support Files/Pods-LocalizationKitDemo/Pods-LocalizationKitDemo.release.xcconfig"; sourceTree = "<group>"; };
		B3C38B0F21E824A200E231F0 /* LocalizationKitDemo.app */ = {isa = PBXFileReference; explicitFileType = wrapper.application; includeInIndex = 0; path = LocalizationKitDemo.app; sourceTree = BUILT_PRODUCTS_DIR; };
		B3C38B1221E824A200E231F0 /* AppDelegate.swift */ = {isa = PBXFileReference; lastKnownFileType = sourcecode.swift; path = AppDelegate.swift; sourceTree = "<group>"; };
		B3C38B1421E824A200E231F0 /* ViewController.swift */ = {isa = PBXFileReference; lastKnownFileType = sourcecode.swift; path = ViewController.swift; sourceTree = "<group>"; };
		B3C38B1721E824A200E231F0 /* Base */ = {isa = PBXFileReference; lastKnownFileType = file.storyboard; name = Base; path = Base.lproj/Main.storyboard; sourceTree = "<group>"; };
		B3C38B1921E824A300E231F0 /* Assets.xcassets */ = {isa = PBXFileReference; lastKnownFileType = folder.assetcatalog; path = Assets.xcassets; sourceTree = "<group>"; };
		B3C38B1C21E824A300E231F0 /* Base */ = {isa = PBXFileReference; lastKnownFileType = file.storyboard; name = Base; path = Base.lproj/LaunchScreen.storyboard; sourceTree = "<group>"; };
		B3C38B1E21E824A300E231F0 /* Info.plist */ = {isa = PBXFileReference; lastKnownFileType = text.plist.xml; path = Info.plist; sourceTree = "<group>"; };
		CC2508A82D35E02F94EC3CAA /* Pods_LocalizationKitDemo.framework */ = {isa = PBXFileReference; explicitFileType = wrapper.framework; includeInIndex = 0; path = Pods_LocalizationKitDemo.framework; sourceTree = BUILT_PRODUCTS_DIR; };
		E84B72525D4B23384CC86CE5 /* Pods-LocalizationKitDemo.debug.xcconfig */ = {isa = PBXFileReference; includeInIndex = 1; lastKnownFileType = text.xcconfig; name = "Pods-LocalizationKitDemo.debug.xcconfig"; path = "Pods/Target Support Files/Pods-LocalizationKitDemo/Pods-LocalizationKitDemo.debug.xcconfig"; sourceTree = "<group>"; };
/* End PBXFileReference section */

/* Begin PBXFrameworksBuildPhase section */
		B3C38B0C21E824A200E231F0 /* Frameworks */ = {
			isa = PBXFrameworksBuildPhase;
			buildActionMask = 2147483647;
			files = (
				27AFFDF20D4B3478BC68D9DB /* Pods_LocalizationKitDemo.framework in Frameworks */,
			);
			runOnlyForDeploymentPostprocessing = 0;
		};
/* End PBXFrameworksBuildPhase section */

/* Begin PBXGroup section */
		5C30FBF05750FF1DDCDE670C /* Frameworks */ = {
			isa = PBXGroup;
			children = (
				CC2508A82D35E02F94EC3CAA /* Pods_LocalizationKitDemo.framework */,
			);
			name = Frameworks;
			sourceTree = "<group>";
		};
		B3C38B0621E824A200E231F0 = {
			isa = PBXGroup;
			children = (
				B3C38B1121E824A200E231F0 /* LocalizationKitDemo */,
				B3C38B1021E824A200E231F0 /* Products */,
				EEF3E6E51ED9D20E9ECEE62A /* Pods */,
				5C30FBF05750FF1DDCDE670C /* Frameworks */,
			);
			sourceTree = "<group>";
		};
		B3C38B1021E824A200E231F0 /* Products */ = {
			isa = PBXGroup;
			children = (
				B3C38B0F21E824A200E231F0 /* LocalizationKitDemo.app */,
			);
			name = Products;
			sourceTree = "<group>";
		};
		B3C38B1121E824A200E231F0 /* LocalizationKitDemo */ = {
			isa = PBXGroup;
			children = (
				B3C38B1221E824A200E231F0 /* AppDelegate.swift */,
				B3C38B1421E824A200E231F0 /* ViewController.swift */,
				B3C38B1621E824A200E231F0 /* Main.storyboard */,
				B3C38B1921E824A300E231F0 /* Assets.xcassets */,
				B3C38B1B21E824A300E231F0 /* LaunchScreen.storyboard */,
				B3C38B1E21E824A300E231F0 /* Info.plist */,
			);
			path = LocalizationKitDemo;
			sourceTree = "<group>";
		};
		EEF3E6E51ED9D20E9ECEE62A /* Pods */ = {
			isa = PBXGroup;
			children = (
				E84B72525D4B23384CC86CE5 /* Pods-LocalizationKitDemo.debug.xcconfig */,
				16DABDEDCB05095687BCB205 /* Pods-LocalizationKitDemo.release.xcconfig */,
			);
			name = Pods;
			sourceTree = "<group>";
		};
/* End PBXGroup section */

/* Begin PBXNativeTarget section */
		B3C38B0E21E824A200E231F0 /* LocalizationKitDemo */ = {
			isa = PBXNativeTarget;
			buildConfigurationList = B3C38B2121E824A300E231F0 /* Build configuration list for PBXNativeTarget "LocalizationKitDemo" */;
			buildPhases = (
				5E9F7DAF3E79594718DACB5B /* [CP] Check Pods Manifest.lock */,
				B3C38B0B21E824A200E231F0 /* Sources */,
				B3C38B0C21E824A200E231F0 /* Frameworks */,
				B3C38B0D21E824A200E231F0 /* Resources */,
				465CB55234F1B8E919CF5032 /* [CP] Embed Pods Frameworks */,
			);
			buildRules = (
			);
			dependencies = (
			);
			name = LocalizationKitDemo;
			productName = LocalizationKitDemo;
			productReference = B3C38B0F21E824A200E231F0 /* LocalizationKitDemo.app */;
			productType = "com.apple.product-type.application";
		};
/* End PBXNativeTarget section */

/* Begin PBXProject section */
		B3C38B0721E824A200E231F0 /* Project object */ = {
			isa = PBXProject;
			attributes = {
				LastSwiftUpdateCheck = 1010;
				LastUpgradeCheck = 1010;
				ORGANIZATIONNAME = "DINH VAN TIEN";
				TargetAttributes = {
					B3C38B0E21E824A200E231F0 = {
						CreatedOnToolsVersion = 10.1;
					};
				};
			};
			buildConfigurationList = B3C38B0A21E824A200E231F0 /* Build configuration list for PBXProject "LocalizationKitDemo" */;
			compatibilityVersion = "Xcode 9.3";
			developmentRegion = en;
			hasScannedForEncodings = 0;
			knownRegions = (
				en,
				Base,
			);
			mainGroup = B3C38B0621E824A200E231F0;
			productRefGroup = B3C38B1021E824A200E231F0 /* Products */;
			projectDirPath = "";
			projectRoot = "";
			targets = (
				B3C38B0E21E824A200E231F0 /* LocalizationKitDemo */,
			);
		};
/* End PBXProject section */

/* Begin PBXResourcesBuildPhase section */
		B3C38B0D21E824A200E231F0 /* Resources */ = {
			isa = PBXResourcesBuildPhase;
			buildActionMask = 2147483647;
			files = (
				B3C38B1D21E824A300E231F0 /* LaunchScreen.storyboard in Resources */,
				B3C38B1A21E824A300E231F0 /* Assets.xcassets in Resources */,
				B3C38B1821E824A200E231F0 /* Main.storyboard in Resources */,
			);
			runOnlyForDeploymentPostprocessing = 0;
		};
/* End PBXResourcesBuildPhase section */

/* Begin PBXShellScriptBuildPhase section */
		465CB55234F1B8E919CF5032 /* [CP] Embed Pods Frameworks */ = {
			isa = PBXShellScriptBuildPhase;
			buildActionMask = 2147483647;
			files = (
			);
			inputFileListPaths = (
			);
			inputPaths = (
				"${SRCROOT}/Pods/Target Support Files/Pods-LocalizationKitDemo/Pods-LocalizationKitDemo-frameworks.sh",
				"${BUILT_PRODUCTS_DIR}/LocalizationKit/LocalizationKit.framework",
				"${BUILT_PRODUCTS_DIR}/Socket.IO-Client-Swift/SocketIO.framework",
				"${BUILT_PRODUCTS_DIR}/Starscream/Starscream.framework",
			);
			name = "[CP] Embed Pods Frameworks";
			outputFileListPaths = (
			);
			outputPaths = (
				"${TARGET_BUILD_DIR}/${FRAMEWORKS_FOLDER_PATH}/LocalizationKit.framework",
				"${TARGET_BUILD_DIR}/${FRAMEWORKS_FOLDER_PATH}/SocketIO.framework",
				"${TARGET_BUILD_DIR}/${FRAMEWORKS_FOLDER_PATH}/Starscream.framework",
			);
			runOnlyForDeploymentPostprocessing = 0;
			shellPath = /bin/sh;
			shellScript = "\"${SRCROOT}/Pods/Target Support Files/Pods-LocalizationKitDemo/Pods-LocalizationKitDemo-frameworks.sh\"\n";
			showEnvVarsInLog = 0;
		};
		5E9F7DAF3E79594718DACB5B /* [CP] Check Pods Manifest.lock */ = {
			isa = PBXShellScriptBuildPhase;
			buildActionMask = 2147483647;
			files = (
			);
			inputFileListPaths = (
			);
			inputPaths = (
				"${PODS_PODFILE_DIR_PATH}/Podfile.lock",
				"${PODS_ROOT}/Manifest.lock",
			);
			name = "[CP] Check Pods Manifest.lock";
			outputFileListPaths = (
			);
			outputPaths = (
				"$(DERIVED_FILE_DIR)/Pods-LocalizationKitDemo-checkManifestLockResult.txt",
			);
			runOnlyForDeploymentPostprocessing = 0;
			shellPath = /bin/sh;
			shellScript = "diff \"${PODS_PODFILE_DIR_PATH}/Podfile.lock\" \"${PODS_ROOT}/Manifest.lock\" > /dev/null\nif [ $? != 0 ] ; then\n    # print error to STDERR\n    echo \"error: The sandbox is not in sync with the Podfile.lock. Run 'pod install' or update your CocoaPods installation.\" >&2\n    exit 1\nfi\n# This output is used by Xcode 'outputs' to avoid re-running this script phase.\necho \"SUCCESS\" > \"${SCRIPT_OUTPUT_FILE_0}\"\n";
			showEnvVarsInLog = 0;
		};
/* End PBXShellScriptBuildPhase section */

/* Begin PBXSourcesBuildPhase section */
		B3C38B0B21E824A200E231F0 /* Sources */ = {
			isa = PBXSourcesBuildPhase;
			buildActionMask = 2147483647;
			files = (
				B3C38B1521E824A200E231F0 /* ViewController.swift in Sources */,
				B3C38B1321E824A200E231F0 /* AppDelegate.swift in Sources */,
			);
			runOnlyForDeploymentPostprocessing = 0;
		};
/* End PBXSourcesBuildPhase section */

/* Begin PBXVariantGroup section */
		B3C38B1621E824A200E231F0 /* Main.storyboard */ = {
			isa = PBXVariantGroup;
			children = (
				B3C38B1721E824A200E231F0 /* Base */,
			);
			name = Main.storyboard;
			sourceTree = "<group>";
		};
		B3C38B1B21E824A300E231F0 /* LaunchScreen.storyboard */ = {
			isa = PBXVariantGroup;
			children = (
				B3C38B1C21E824A300E231F0 /* Base */,
			);
			name = LaunchScreen.storyboard;
			sourceTree = "<group>";
		};
/* End PBXVariantGroup section */

/* Begin XCBuildConfiguration section */
		B3C38B1F21E824A300E231F0 /* Debug */ = {
			isa = XCBuildConfiguration;
			buildSettings = {
				ALWAYS_SEARCH_USER_PATHS = NO;
				CLANG_ANALYZER_NONNULL = YES;
				CLANG_ANALYZER_NUMBER_OBJECT_CONVERSION = YES_AGGRESSIVE;
				CLANG_CXX_LANGUAGE_STANDARD = "gnu++14";
				CLANG_CXX_LIBRARY = "libc++";
				CLANG_ENABLE_MODULES = YES;
				CLANG_ENABLE_OBJC_ARC = YES;
				CLANG_ENABLE_OBJC_WEAK = YES;
				CLANG_WARN_BLOCK_CAPTURE_AUTORELEASING = YES;
				CLANG_WARN_BOOL_CONVERSION = YES;
				CLANG_WARN_COMMA = YES;
				CLANG_WARN_CONSTANT_CONVERSION = YES;
				CLANG_WARN_DEPRECATED_OBJC_IMPLEMENTATIONS = YES;
				CLANG_WARN_DIRECT_OBJC_ISA_USAGE = YES_ERROR;
				CLANG_WARN_DOCUMENTATION_COMMENTS = YES;
				CLANG_WARN_EMPTY_BODY = YES;
				CLANG_WARN_ENUM_CONVERSION = YES;
				CLANG_WARN_INFINITE_RECURSION = YES;
				CLANG_WARN_INT_CONVERSION = YES;
				CLANG_WARN_NON_LITERAL_NULL_CONVERSION = YES;
				CLANG_WARN_OBJC_IMPLICIT_RETAIN_SELF = YES;
				CLANG_WARN_OBJC_LITERAL_CONVERSION = YES;
				CLANG_WARN_OBJC_ROOT_CLASS = YES_ERROR;
				CLANG_WARN_RANGE_LOOP_ANALYSIS = YES;
				CLANG_WARN_STRICT_PROTOTYPES = YES;
				CLANG_WARN_SUSPICIOUS_MOVE = YES;
				CLANG_WARN_UNGUARDED_AVAILABILITY = YES_AGGRESSIVE;
				CLANG_WARN_UNREACHABLE_CODE = YES;
				CLANG_WARN__DUPLICATE_METHOD_MATCH = YES;
				CODE_SIGN_IDENTITY = "iPhone Developer";
				COPY_PHASE_STRIP = NO;
				DEBUG_INFORMATION_FORMAT = dwarf;
				ENABLE_STRICT_OBJC_MSGSEND = YES;
				ENABLE_TESTABILITY = YES;
				GCC_C_LANGUAGE_STANDARD = gnu11;
				GCC_DYNAMIC_NO_PIC = NO;
				GCC_NO_COMMON_BLOCKS = YES;
				GCC_OPTIMIZATION_LEVEL = 0;
				GCC_PREPROCESSOR_DEFINITIONS = (
					"DEBUG=1",
					"$(inherited)",
				);
				GCC_WARN_64_TO_32_BIT_CONVERSION = YES;
				GCC_WARN_ABOUT_RETURN_TYPE = YES_ERROR;
				GCC_WARN_UNDECLARED_SELECTOR = YES;
				GCC_WARN_UNINITIALIZED_AUTOS = YES_AGGRESSIVE;
				GCC_WARN_UNUSED_FUNCTION = YES;
				GCC_WARN_UNUSED_VARIABLE = YES;
				IPHONEOS_DEPLOYMENT_TARGET = 12.1;
				MTL_ENABLE_DEBUG_INFO = INCLUDE_SOURCE;
				MTL_FAST_MATH = YES;
				ONLY_ACTIVE_ARCH = YES;
				SDKROOT = iphoneos;
				SWIFT_ACTIVE_COMPILATION_CONDITIONS = DEBUG;
				SWIFT_OPTIMIZATION_LEVEL = "-Onone";
			};
			name = Debug;
		};
		B3C38B2021E824A300E231F0 /* Release */ = {
			isa = XCBuildConfiguration;
			buildSettings = {
				ALWAYS_SEARCH_USER_PATHS = NO;
				CLANG_ANALYZER_NONNULL = YES;
				CLANG_ANALYZER_NUMBER_OBJECT_CONVERSION = YES_AGGRESSIVE;
				CLANG_CXX_LANGUAGE_STANDARD = "gnu++14";
				CLANG_CXX_LIBRARY = "libc++";
				CLANG_ENABLE_MODULES = YES;
				CLANG_ENABLE_OBJC_ARC = YES;
				CLANG_ENABLE_OBJC_WEAK = YES;
				CLANG_WARN_BLOCK_CAPTURE_AUTORELEASING = YES;
				CLANG_WARN_BOOL_CONVERSION = YES;
				CLANG_WARN_COMMA = YES;
				CLANG_WARN_CONSTANT_CONVERSION = YES;
				CLANG_WARN_DEPRECATED_OBJC_IMPLEMENTATIONS = YES;
				CLANG_WARN_DIRECT_OBJC_ISA_USAGE = YES_ERROR;
				CLANG_WARN_DOCUMENTATION_COMMENTS = YES;
				CLANG_WARN_EMPTY_BODY = YES;
				CLANG_WARN_ENUM_CONVERSION = YES;
				CLANG_WARN_INFINITE_RECURSION = YES;
				CLANG_WARN_INT_CONVERSION = YES;
				CLANG_WARN_NON_LITERAL_NULL_CONVERSION = YES;
				CLANG_WARN_OBJC_IMPLICIT_RETAIN_SELF = YES;
				CLANG_WARN_OBJC_LITERAL_CONVERSION = YES;
				CLANG_WARN_OBJC_ROOT_CLASS = YES_ERROR;
				CLANG_WARN_RANGE_LOOP_ANALYSIS = YES;
				CLANG_WARN_STRICT_PROTOTYPES = YES;
				CLANG_WARN_SUSPICIOUS_MOVE = YES;
				CLANG_WARN_UNGUARDED_AVAILABILITY = YES_AGGRESSIVE;
				CLANG_WARN_UNREACHABLE_CODE = YES;
				CLANG_WARN__DUPLICATE_METHOD_MATCH = YES;
				CODE_SIGN_IDENTITY = "iPhone Developer";
				COPY_PHASE_STRIP = NO;
				DEBUG_INFORMATION_FORMAT = "dwarf-with-dsym";
				ENABLE_NS_ASSERTIONS = NO;
				ENABLE_STRICT_OBJC_MSGSEND = YES;
				GCC_C_LANGUAGE_STANDARD = gnu11;
				GCC_NO_COMMON_BLOCKS = YES;
				GCC_WARN_64_TO_32_BIT_CONVERSION = YES;
				GCC_WARN_ABOUT_RETURN_TYPE = YES_ERROR;
				GCC_WARN_UNDECLARED_SELECTOR = YES;
				GCC_WARN_UNINITIALIZED_AUTOS = YES_AGGRESSIVE;
				GCC_WARN_UNUSED_FUNCTION = YES;
				GCC_WARN_UNUSED_VARIABLE = YES;
				IPHONEOS_DEPLOYMENT_TARGET = 12.1;
				MTL_ENABLE_DEBUG_INFO = NO;
				MTL_FAST_MATH = YES;
				SDKROOT = iphoneos;
				SWIFT_COMPILATION_MODE = wholemodule;
				SWIFT_OPTIMIZATION_LEVEL = "-O";
				VALIDATE_PRODUCT = YES;
			};
			name = Release;
		};
		B3C38B2221E824A300E231F0 /* Debug */ = {
			isa = XCBuildConfiguration;
			baseConfigurationReference = E84B72525D4B23384CC86CE5 /* Pods-LocalizationKitDemo.debug.xcconfig */;
			buildSettings = {
				ASSETCATALOG_COMPILER_APPICON_NAME = AppIcon;
				CODE_SIGN_STYLE = Automatic;
				INFOPLIST_FILE = LocalizationKitDemo/Info.plist;
				LD_RUNPATH_SEARCH_PATHS = (
					"$(inherited)",
					"@executable_path/Frameworks",
				);
				PRODUCT_BUNDLE_IDENTIFIER = redstar.engma.LocalizationKitDemo;
				PRODUCT_NAME = "$(TARGET_NAME)";
				SWIFT_VERSION = 4.2;
				TARGETED_DEVICE_FAMILY = "1,2";
			};
			name = Debug;
		};
		B3C38B2321E824A300E231F0 /* Release */ = {
			isa = XCBuildConfiguration;
			baseConfigurationReference = 16DABDEDCB05095687BCB205 /* Pods-LocalizationKitDemo.release.xcconfig */;
			buildSettings = {
				ASSETCATALOG_COMPILER_APPICON_NAME = AppIcon;
				CODE_SIGN_STYLE = Automatic;
				INFOPLIST_FILE = LocalizationKitDemo/Info.plist;
				LD_RUNPATH_SEARCH_PATHS = (
					"$(inherited)",
					"@executable_path/Frameworks",
				);
				PRODUCT_BUNDLE_IDENTIFIER = redstar.engma.LocalizationKitDemo;
				PRODUCT_NAME = "$(TARGET_NAME)";
				SWIFT_VERSION = 4.2;
				TARGETED_DEVICE_FAMILY = "1,2";
			};
			name = Release;
		};
/* End XCBuildConfiguration section */

/* Begin XCConfigurationList section */
		B3C38B0A21E824A200E231F0 /* Build configuration list for PBXProject "LocalizationKitDemo" */ = {
			isa = XCConfigurationList;
			buildConfigurations = (
				B3C38B1F21E824A300E231F0 /* Debug */,
				B3C38B2021E824A300E231F0 /* Release */,
			);
			defaultConfigurationIsVisible = 0;
			defaultConfigurationName = Release;
		};
		B3C38B2121E824A300E231F0 /* Build configuration list for PBXNativeTarget "LocalizationKitDemo" */ = {
			isa = XCConfigurationList;
			buildConfigurations = (
				B3C38B2221E824A300E231F0 /* Debug */,
				B3C38B2321E824A300E231F0 /* Release */,
			);
			defaultConfigurationIsVisible = 0;
			defaultConfigurationName = Release;
		};
/* End XCConfigurationList section */
	};
	rootObject = B3C38B0721E824A200E231F0 /* Project object */;
}
