// !$*UTF8*$!
{
	archiveVersion = 1;
	classes = {
	};
	objectVersion = 50;
	objects = {

/* Begin PBXBuildFile section */
		4DE71FD01BE2AA6EBD117CB8 /* Pods_syncContact.framework in Frameworks */ = {isa = PBXBuildFile; fileRef = 417E094C15B65EE962699E78 /* Pods_syncContact.framework */; };
		B3BCB39E2255A6FA008F5318 /* AppDelegate.swift in Sources */ = {isa = PBXBuildFile; fileRef = B3BCB39D2255A6FA008F5318 /* AppDelegate.swift */; };
		B3BCB3A02255A6FA008F5318 /* ViewController.swift in Sources */ = {isa = PBXBuildFile; fileRef = B3BCB39F2255A6FA008F5318 /* ViewController.swift */; };
		B3BCB3A32255A6FA008F5318 /* Main.storyboard in Resources */ = {isa = PBXBuildFile; fileRef = B3BCB3A12255A6FA008F5318 /* Main.storyboard */; };
		B3BCB3A52255A6FC008F5318 /* Assets.xcassets in Resources */ = {isa = PBXBuildFile; fileRef = B3BCB3A42255A6FC008F5318 /* Assets.xcassets */; };
		B3BCB3A82255A6FC008F5318 /* LaunchScreen.storyboard in Resources */ = {isa = PBXBuildFile; fileRef = B3BCB3A62255A6FC008F5318 /* LaunchScreen.storyboard */; };
/* End PBXBuildFile section */

/* Begin PBXFileReference section */
		417E094C15B65EE962699E78 /* Pods_syncContact.framework */ = {isa = PBXFileReference; explicitFileType = wrapper.framework; includeInIndex = 0; path = Pods_syncContact.framework; sourceTree = BUILT_PRODUCTS_DIR; };
		6E6C3CB2E008024CE7F14E4B /* Pods-syncContact.debug.xcconfig */ = {isa = PBXFileReference; includeInIndex = 1; lastKnownFileType = text.xcconfig; name = "Pods-syncContact.debug.xcconfig"; path = "Target Support Files/Pods-syncContact/Pods-syncContact.debug.xcconfig"; sourceTree = "<group>"; };
		A139028E06CA7AFB9DB8C06D /* Pods-syncContact.release.xcconfig */ = {isa = PBXFileReference; includeInIndex = 1; lastKnownFileType = text.xcconfig; name = "Pods-syncContact.release.xcconfig"; path = "Target Support Files/Pods-syncContact/Pods-syncContact.release.xcconfig"; sourceTree = "<group>"; };
		B3BCB39A2255A6FA008F5318 /* syncContact.app */ = {isa = PBXFileReference; explicitFileType = wrapper.application; includeInIndex = 0; path = syncContact.app; sourceTree = BUILT_PRODUCTS_DIR; };
		B3BCB39D2255A6FA008F5318 /* AppDelegate.swift */ = {isa = PBXFileReference; lastKnownFileType = sourcecode.swift; path = AppDelegate.swift; sourceTree = "<group>"; };
		B3BCB39F2255A6FA008F5318 /* ViewController.swift */ = {isa = PBXFileReference; lastKnownFileType = sourcecode.swift; path = ViewController.swift; sourceTree = "<group>"; };
		B3BCB3A22255A6FA008F5318 /* Base */ = {isa = PBXFileReference; lastKnownFileType = file.storyboard; name = Base; path = Base.lproj/Main.storyboard; sourceTree = "<group>"; };
		B3BCB3A42255A6FC008F5318 /* Assets.xcassets */ = {isa = PBXFileReference; lastKnownFileType = folder.assetcatalog; path = Assets.xcassets; sourceTree = "<group>"; };
		B3BCB3A72255A6FC008F5318 /* Base */ = {isa = PBXFileReference; lastKnownFileType = file.storyboard; name = Base; path = Base.lproj/LaunchScreen.storyboard; sourceTree = "<group>"; };
		B3BCB3A92255A6FC008F5318 /* Info.plist */ = {isa = PBXFileReference; lastKnownFileType = text.plist.xml; path = Info.plist; sourceTree = "<group>"; };
/* End PBXFileReference section */

/* Begin PBXFrameworksBuildPhase section */
		B3BCB3972255A6FA008F5318 /* Frameworks */ = {
			isa = PBXFrameworksBuildPhase;
			buildActionMask = 2147483647;
			files = (
				4DE71FD01BE2AA6EBD117CB8 /* Pods_syncContact.framework in Frameworks */,
			);
			runOnlyForDeploymentPostprocessing = 0;
		};
/* End PBXFrameworksBuildPhase section */

/* Begin PBXGroup section */
		5205937C9F5FD6A148BD9B42 /* Pods */ = {
			isa = PBXGroup;
			children = (
				6E6C3CB2E008024CE7F14E4B /* Pods-syncContact.debug.xcconfig */,
				A139028E06CA7AFB9DB8C06D /* Pods-syncContact.release.xcconfig */,
			);
			name = Pods;
			path = Pods;
			sourceTree = "<group>";
		};
		B3BCB3912255A6FA008F5318 = {
			isa = PBXGroup;
			children = (
				B3BCB39C2255A6FA008F5318 /* syncContact */,
				B3BCB39B2255A6FA008F5318 /* Products */,
				5205937C9F5FD6A148BD9B42 /* Pods */,
				F9B62BE3FD73F9ABD89BF183 /* Frameworks */,
			);
			sourceTree = "<group>";
		};
		B3BCB39B2255A6FA008F5318 /* Products */ = {
			isa = PBXGroup;
			children = (
				B3BCB39A2255A6FA008F5318 /* syncContact.app */,
			);
			name = Products;
			sourceTree = "<group>";
		};
		B3BCB39C2255A6FA008F5318 /* syncContact */ = {
			isa = PBXGroup;
			children = (
				B3BCB39D2255A6FA008F5318 /* AppDelegate.swift */,
				B3BCB39F2255A6FA008F5318 /* ViewController.swift */,
				B3BCB3A12255A6FA008F5318 /* Main.storyboard */,
				B3BCB3A42255A6FC008F5318 /* Assets.xcassets */,
				B3BCB3A62255A6FC008F5318 /* LaunchScreen.storyboard */,
				B3BCB3A92255A6FC008F5318 /* Info.plist */,
			);
			path = syncContact;
			sourceTree = "<group>";
		};
		F9B62BE3FD73F9ABD89BF183 /* Frameworks */ = {
			isa = PBXGroup;
			children = (
				417E094C15B65EE962699E78 /* Pods_syncContact.framework */,
			);
			name = Frameworks;
			sourceTree = "<group>";
		};
/* End PBXGroup section */

/* Begin PBXNativeTarget section */
		B3BCB3992255A6FA008F5318 /* syncContact */ = {
			isa = PBXNativeTarget;
			buildConfigurationList = B3BCB3AC2255A6FC008F5318 /* Build configuration list for PBXNativeTarget "syncContact" */;
			buildPhases = (
				34E1D192919755D35982BA11 /* [CP] Check Pods Manifest.lock */,
				B3BCB3962255A6FA008F5318 /* Sources */,
				B3BCB3972255A6FA008F5318 /* Frameworks */,
				B3BCB3982255A6FA008F5318 /* Resources */,
				58EA38DD57BD6B16986F123C /* [CP] Embed Pods Frameworks */,
			);
			buildRules = (
			);
			dependencies = (
			);
			name = syncContact;
			productName = syncContact;
			productReference = B3BCB39A2255A6FA008F5318 /* syncContact.app */;
			productType = "com.apple.product-type.application";
		};
/* End PBXNativeTarget section */

/* Begin PBXProject section */
		B3BCB3922255A6FA008F5318 /* Project object */ = {
			isa = PBXProject;
			attributes = {
				LastSwiftUpdateCheck = 1010;
				LastUpgradeCheck = 1010;
				ORGANIZATIONNAME = "DINH VAN TIEN";
				TargetAttributes = {
					B3BCB3992255A6FA008F5318 = {
						CreatedOnToolsVersion = 10.1;
					};
				};
			};
			buildConfigurationList = B3BCB3952255A6FA008F5318 /* Build configuration list for PBXProject "syncContact" */;
			compatibilityVersion = "Xcode 9.3";
			developmentRegion = en;
			hasScannedForEncodings = 0;
			knownRegions = (
				en,
				Base,
			);
			mainGroup = B3BCB3912255A6FA008F5318;
			productRefGroup = B3BCB39B2255A6FA008F5318 /* Products */;
			projectDirPath = "";
			projectRoot = "";
			targets = (
				B3BCB3992255A6FA008F5318 /* syncContact */,
			);
		};
/* End PBXProject section */

/* Begin PBXResourcesBuildPhase section */
		B3BCB3982255A6FA008F5318 /* Resources */ = {
			isa = PBXResourcesBuildPhase;
			buildActionMask = 2147483647;
			files = (
				B3BCB3A82255A6FC008F5318 /* LaunchScreen.storyboard in Resources */,
				B3BCB3A52255A6FC008F5318 /* Assets.xcassets in Resources */,
				B3BCB3A32255A6FA008F5318 /* Main.storyboard in Resources */,
			);
			runOnlyForDeploymentPostprocessing = 0;
		};
/* End PBXResourcesBuildPhase section */

/* Begin PBXShellScriptBuildPhase section */
		34E1D192919755D35982BA11 /* [CP] Check Pods Manifest.lock */ = {
			isa = PBXShellScriptBuildPhase;
			buildActionMask = 2147483647;
			files = (
			);
			inputFileListPaths = (
			);
			inputPaths = (
				"${PODS_PODFILE_DIR_PATH}/Podfile.lock",
				"${PODS_ROOT}/Manifest.lock",
			);
			name = "[CP] Check Pods Manifest.lock";
			outputFileListPaths = (
			);
			outputPaths = (
				"$(DERIVED_FILE_DIR)/Pods-syncContact-checkManifestLockResult.txt",
			);
			runOnlyForDeploymentPostprocessing = 0;
			shellPath = /bin/sh;
			shellScript = "diff \"${PODS_PODFILE_DIR_PATH}/Podfile.lock\" \"${PODS_ROOT}/Manifest.lock\" > /dev/null\nif [ $? != 0 ] ; then\n    # print error to STDERR\n    echo \"error: The sandbox is not in sync with the Podfile.lock. Run 'pod install' or update your CocoaPods installation.\" >&2\n    exit 1\nfi\n# This output is used by Xcode 'outputs' to avoid re-running this script phase.\necho \"SUCCESS\" > \"${SCRIPT_OUTPUT_FILE_0}\"\n";
			showEnvVarsInLog = 0;
		};
		58EA38DD57BD6B16986F123C /* [CP] Embed Pods Frameworks */ = {
			isa = PBXShellScriptBuildPhase;
			buildActionMask = 2147483647;
			files = (
			);
			inputFileListPaths = (
			);
			inputPaths = (
				"${PODS_ROOT}/Target Support Files/Pods-syncContact/Pods-syncContact-frameworks.sh",
				"${BUILT_PRODUCTS_DIR}/SwiftMessages/SwiftMessages.framework",
			);
			name = "[CP] Embed Pods Frameworks";
			outputFileListPaths = (
			);
			outputPaths = (
				"${TARGET_BUILD_DIR}/${FRAMEWORKS_FOLDER_PATH}/SwiftMessages.framework",
			);
			runOnlyForDeploymentPostprocessing = 0;
			shellPath = /bin/sh;
			shellScript = "\"${PODS_ROOT}/Target Support Files/Pods-syncContact/Pods-syncContact-frameworks.sh\"\n";
			showEnvVarsInLog = 0;
		};
/* End PBXShellScriptBuildPhase section */

/* Begin PBXSourcesBuildPhase section */
		B3BCB3962255A6FA008F5318 /* Sources */ = {
			isa = PBXSourcesBuildPhase;
			buildActionMask = 2147483647;
			files = (
				B3BCB3A02255A6FA008F5318 /* ViewController.swift in Sources */,
				B3BCB39E2255A6FA008F5318 /* AppDelegate.swift in Sources */,
			);
			runOnlyForDeploymentPostprocessing = 0;
		};
/* End PBXSourcesBuildPhase section */

/* Begin PBXVariantGroup section */
		B3BCB3A12255A6FA008F5318 /* Main.storyboard */ = {
			isa = PBXVariantGroup;
			children = (
				B3BCB3A22255A6FA008F5318 /* Base */,
			);
			name = Main.storyboard;
			sourceTree = "<group>";
		};
		B3BCB3A62255A6FC008F5318 /* LaunchScreen.storyboard */ = {
			isa = PBXVariantGroup;
			children = (
				B3BCB3A72255A6FC008F5318 /* Base */,
			);
			name = LaunchScreen.storyboard;
			sourceTree = "<group>";
		};
/* End PBXVariantGroup section */

/* Begin XCBuildConfiguration section */
		B3BCB3AA2255A6FC008F5318 /* Debug */ = {
			isa = XCBuildConfiguration;
			buildSettings = {
				ALWAYS_SEARCH_USER_PATHS = NO;
				CLANG_ANALYZER_NONNULL = YES;
				CLANG_ANALYZER_NUMBER_OBJECT_CONVERSION = YES_AGGRESSIVE;
				CLANG_CXX_LANGUAGE_STANDARD = "gnu++14";
				CLANG_CXX_LIBRARY = "libc++";
				CLANG_ENABLE_MODULES = YES;
				CLANG_ENABLE_OBJC_ARC = YES;
				CLANG_ENABLE_OBJC_WEAK = YES;
				CLANG_WARN_BLOCK_CAPTURE_AUTORELEASING = YES;
				CLANG_WARN_BOOL_CONVERSION = YES;
				CLANG_WARN_COMMA = YES;
				CLANG_WARN_CONSTANT_CONVERSION = YES;
				CLANG_WARN_DEPRECATED_OBJC_IMPLEMENTATIONS = YES;
				CLANG_WARN_DIRECT_OBJC_ISA_USAGE = YES_ERROR;
				CLANG_WARN_DOCUMENTATION_COMMENTS = YES;
				CLANG_WARN_EMPTY_BODY = YES;
				CLANG_WARN_ENUM_CONVERSION = YES;
				CLANG_WARN_INFINITE_RECURSION = YES;
				CLANG_WARN_INT_CONVERSION = YES;
				CLANG_WARN_NON_LITERAL_NULL_CONVERSION = YES;
				CLANG_WARN_OBJC_IMPLICIT_RETAIN_SELF = YES;
				CLANG_WARN_OBJC_LITERAL_CONVERSION = YES;
				CLANG_WARN_OBJC_ROOT_CLASS = YES_ERROR;
				CLANG_WARN_RANGE_LOOP_ANALYSIS = YES;
				CLANG_WARN_STRICT_PROTOTYPES = YES;
				CLANG_WARN_SUSPICIOUS_MOVE = YES;
				CLANG_WARN_UNGUARDED_AVAILABILITY = YES_AGGRESSIVE;
				CLANG_WARN_UNREACHABLE_CODE = YES;
				CLANG_WARN__DUPLICATE_METHOD_MATCH = YES;
				CODE_SIGN_IDENTITY = "iPhone Developer";
				COPY_PHASE_STRIP = NO;
				DEBUG_INFORMATION_FORMAT = dwarf;
				ENABLE_STRICT_OBJC_MSGSEND = YES;
				ENABLE_TESTABILITY = YES;
				GCC_C_LANGUAGE_STANDARD = gnu11;
				GCC_DYNAMIC_NO_PIC = NO;
				GCC_NO_COMMON_BLOCKS = YES;
				GCC_OPTIMIZATION_LEVEL = 0;
				GCC_PREPROCESSOR_DEFINITIONS = (
					"DEBUG=1",
					"$(inherited)",
				);
				GCC_WARN_64_TO_32_BIT_CONVERSION = YES;
				GCC_WARN_ABOUT_RETURN_TYPE = YES_ERROR;
				GCC_WARN_UNDECLARED_SELECTOR = YES;
				GCC_WARN_UNINITIALIZED_AUTOS = YES_AGGRESSIVE;
				GCC_WARN_UNUSED_FUNCTION = YES;
				GCC_WARN_UNUSED_VARIABLE = YES;
				IPHONEOS_DEPLOYMENT_TARGET = 12.1;
				MTL_ENABLE_DEBUG_INFO = INCLUDE_SOURCE;
				MTL_FAST_MATH = YES;
				ONLY_ACTIVE_ARCH = YES;
				SDKROOT = iphoneos;
				SWIFT_ACTIVE_COMPILATION_CONDITIONS = DEBUG;
				SWIFT_OPTIMIZATION_LEVEL = "-Onone";
			};
			name = Debug;
		};
		B3BCB3AB2255A6FC008F5318 /* Release */ = {
			isa = XCBuildConfiguration;
			buildSettings = {
				ALWAYS_SEARCH_USER_PATHS = NO;
				CLANG_ANALYZER_NONNULL = YES;
				CLANG_ANALYZER_NUMBER_OBJECT_CONVERSION = YES_AGGRESSIVE;
				CLANG_CXX_LANGUAGE_STANDARD = "gnu++14";
				CLANG_CXX_LIBRARY = "libc++";
				CLANG_ENABLE_MODULES = YES;
				CLANG_ENABLE_OBJC_ARC = YES;
				CLANG_ENABLE_OBJC_WEAK = YES;
				CLANG_WARN_BLOCK_CAPTURE_AUTORELEASING = YES;
				CLANG_WARN_BOOL_CONVERSION = YES;
				CLANG_WARN_COMMA = YES;
				CLANG_WARN_CONSTANT_CONVERSION = YES;
				CLANG_WARN_DEPRECATED_OBJC_IMPLEMENTATIONS = YES;
				CLANG_WARN_DIRECT_OBJC_ISA_USAGE = YES_ERROR;
				CLANG_WARN_DOCUMENTATION_COMMENTS = YES;
				CLANG_WARN_EMPTY_BODY = YES;
				CLANG_WARN_ENUM_CONVERSION = YES;
				CLANG_WARN_INFINITE_RECURSION = YES;
				CLANG_WARN_INT_CONVERSION = YES;
				CLANG_WARN_NON_LITERAL_NULL_CONVERSION = YES;
				CLANG_WARN_OBJC_IMPLICIT_RETAIN_SELF = YES;
				CLANG_WARN_OBJC_LITERAL_CONVERSION = YES;
				CLANG_WARN_OBJC_ROOT_CLASS = YES_ERROR;
				CLANG_WARN_RANGE_LOOP_ANALYSIS = YES;
				CLANG_WARN_STRICT_PROTOTYPES = YES;
				CLANG_WARN_SUSPICIOUS_MOVE = YES;
				CLANG_WARN_UNGUARDED_AVAILABILITY = YES_AGGRESSIVE;
				CLANG_WARN_UNREACHABLE_CODE = YES;
				CLANG_WARN__DUPLICATE_METHOD_MATCH = YES;
				CODE_SIGN_IDENTITY = "iPhone Developer";
				COPY_PHASE_STRIP = NO;
				DEBUG_INFORMATION_FORMAT = "dwarf-with-dsym";
				ENABLE_NS_ASSERTIONS = NO;
				ENABLE_STRICT_OBJC_MSGSEND = YES;
				GCC_C_LANGUAGE_STANDARD = gnu11;
				GCC_NO_COMMON_BLOCKS = YES;
				GCC_WARN_64_TO_32_BIT_CONVERSION = YES;
				GCC_WARN_ABOUT_RETURN_TYPE = YES_ERROR;
				GCC_WARN_UNDECLARED_SELECTOR = YES;
				GCC_WARN_UNINITIALIZED_AUTOS = YES_AGGRESSIVE;
				GCC_WARN_UNUSED_FUNCTION = YES;
				GCC_WARN_UNUSED_VARIABLE = YES;
				IPHONEOS_DEPLOYMENT_TARGET = 12.1;
				MTL_ENABLE_DEBUG_INFO = NO;
				MTL_FAST_MATH = YES;
				SDKROOT = iphoneos;
				SWIFT_COMPILATION_MODE = wholemodule;
				SWIFT_OPTIMIZATION_LEVEL = "-O";
				VALIDATE_PRODUCT = YES;
			};
			name = Release;
		};
		B3BCB3AD2255A6FC008F5318 /* Debug */ = {
			isa = XCBuildConfiguration;
			baseConfigurationReference = 6E6C3CB2E008024CE7F14E4B /* Pods-syncContact.debug.xcconfig */;
			buildSettings = {
				ASSETCATALOG_COMPILER_APPICON_NAME = AppIcon;
				CODE_SIGN_STYLE = Manual;
				DEVELOPMENT_TEAM = Q3TBY53XUC;
				INFOPLIST_FILE = syncContact/Info.plist;
				LD_RUNPATH_SEARCH_PATHS = (
					"$(inherited)",
					"@executable_path/Frameworks",
				);
				PRODUCT_BUNDLE_IDENTIFIER = com.engma.redstar;
				PRODUCT_NAME = "$(TARGET_NAME)";
				PROVISIONING_PROFILE_SPECIFIER = "match Development com.engma.redstar";
				SWIFT_VERSION = 4.2;
				TARGETED_DEVICE_FAMILY = "1,2";
			};
			name = Debug;
		};
		B3BCB3AE2255A6FC008F5318 /* Release */ = {
			isa = XCBuildConfiguration;
			baseConfigurationReference = A139028E06CA7AFB9DB8C06D /* Pods-syncContact.release.xcconfig */;
			buildSettings = {
				ASSETCATALOG_COMPILER_APPICON_NAME = AppIcon;
				CODE_SIGN_STYLE = Manual;
				DEVELOPMENT_TEAM = "";
				INFOPLIST_FILE = syncContact/Info.plist;
				LD_RUNPATH_SEARCH_PATHS = (
					"$(inherited)",
					"@executable_path/Frameworks",
				);
				PRODUCT_BUNDLE_IDENTIFIER = com.engma.redstar;
				PRODUCT_NAME = "$(TARGET_NAME)";
				PROVISIONING_PROFILE_SPECIFIER = "";
				SWIFT_VERSION = 4.2;
				TARGETED_DEVICE_FAMILY = "1,2";
			};
			name = Release;
		};
/* End XCBuildConfiguration section */

/* Begin XCConfigurationList section */
		B3BCB3952255A6FA008F5318 /* Build configuration list for PBXProject "syncContact" */ = {
			isa = XCConfigurationList;
			buildConfigurations = (
				B3BCB3AA2255A6FC008F5318 /* Debug */,
				B3BCB3AB2255A6FC008F5318 /* Release */,
			);
			defaultConfigurationIsVisible = 0;
			defaultConfigurationName = Release;
		};
		B3BCB3AC2255A6FC008F5318 /* Build configuration list for PBXNativeTarget "syncContact" */ = {
			isa = XCConfigurationList;
			buildConfigurations = (
				B3BCB3AD2255A6FC008F5318 /* Debug */,
				B3BCB3AE2255A6FC008F5318 /* Release */,
			);
			defaultConfigurationIsVisible = 0;
			defaultConfigurationName = Release;
		};
/* End XCConfigurationList section */
	};
	rootObject = B3BCB3922255A6FA008F5318 /* Project object */;
}
