// !$*UTF8*$!
{
	archiveVersion = 1;
	classes = {
	};
	objectVersion = 50;
	objects = {

/* Begin PBXBuildFile section */
		B3084EBD21C9FB9E000C5C93 /* AppDelegate.swift in Sources */ = {isa = PBXBuildFile; fileRef = B3084EBC21C9FB9E000C5C93 /* AppDelegate.swift */; };
		B3084EBF21C9FB9E000C5C93 /* ViewController.swift in Sources */ = {isa = PBXBuildFile; fileRef = B3084EBE21C9FB9E000C5C93 /* ViewController.swift */; };
		B3084EC221C9FB9E000C5C93 /* Main.storyboard in Resources */ = {isa = PBXBuildFile; fileRef = B3084EC021C9FB9E000C5C93 /* Main.storyboard */; };
		B3084EC421C9FBA0000C5C93 /* Assets.xcassets in Resources */ = {isa = PBXBuildFile; fileRef = B3084EC321C9FBA0000C5C93 /* Assets.xcassets */; };
		B3084EC721C9FBA0000C5C93 /* LaunchScreen.storyboard in Resources */ = {isa = PBXBuildFile; fileRef = B3084EC521C9FBA0000C5C93 /* LaunchScreen.storyboard */; };
		B3084ED121C9FBC2000C5C93 /* HomeViewController.swift in Sources */ = {isa = PBXBuildFile; fileRef = B3084ECF21C9FBC2000C5C93 /* HomeViewController.swift */; };
		B3084ED221C9FBC2000C5C93 /* HomeViewController.xib in Resources */ = {isa = PBXBuildFile; fileRef = B3084ED021C9FBC2000C5C93 /* HomeViewController.xib */; };
		B3084ED521C9FCA0000C5C93 /* Indicator.xib in Resources */ = {isa = PBXBuildFile; fileRef = B3084ED421C9FCA0000C5C93 /* Indicator.xib */; };
		B3084ED721C9FCB0000C5C93 /* Indicator.swift in Sources */ = {isa = PBXBuildFile; fileRef = B3084ED621C9FCB0000C5C93 /* Indicator.swift */; };
/* End PBXBuildFile section */

/* Begin PBXFileReference section */
		B3084EB921C9FB9E000C5C93 /* CustomerIndicator.app */ = {isa = PBXFileReference; explicitFileType = wrapper.application; includeInIndex = 0; path = CustomerIndicator.app; sourceTree = BUILT_PRODUCTS_DIR; };
		B3084EBC21C9FB9E000C5C93 /* AppDelegate.swift */ = {isa = PBXFileReference; lastKnownFileType = sourcecode.swift; path = AppDelegate.swift; sourceTree = "<group>"; };
		B3084EBE21C9FB9E000C5C93 /* ViewController.swift */ = {isa = PBXFileReference; lastKnownFileType = sourcecode.swift; path = ViewController.swift; sourceTree = "<group>"; };
		B3084EC121C9FB9E000C5C93 /* Base */ = {isa = PBXFileReference; lastKnownFileType = file.storyboard; name = Base; path = Base.lproj/Main.storyboard; sourceTree = "<group>"; };
		B3084EC321C9FBA0000C5C93 /* Assets.xcassets */ = {isa = PBXFileReference; lastKnownFileType = folder.assetcatalog; path = Assets.xcassets; sourceTree = "<group>"; };
		B3084EC621C9FBA0000C5C93 /* Base */ = {isa = PBXFileReference; lastKnownFileType = file.storyboard; name = Base; path = Base.lproj/LaunchScreen.storyboard; sourceTree = "<group>"; };
		B3084EC821C9FBA0000C5C93 /* Info.plist */ = {isa = PBXFileReference; lastKnownFileType = text.plist.xml; path = Info.plist; sourceTree = "<group>"; };
		B3084ECF21C9FBC2000C5C93 /* HomeViewController.swift */ = {isa = PBXFileReference; lastKnownFileType = sourcecode.swift; path = HomeViewController.swift; sourceTree = "<group>"; };
		B3084ED021C9FBC2000C5C93 /* HomeViewController.xib */ = {isa = PBXFileReference; lastKnownFileType = file.xib; path = HomeViewController.xib; sourceTree = "<group>"; };
		B3084ED421C9FCA0000C5C93 /* Indicator.xib */ = {isa = PBXFileReference; lastKnownFileType = file.xib; path = Indicator.xib; sourceTree = "<group>"; };
		B3084ED621C9FCB0000C5C93 /* Indicator.swift */ = {isa = PBXFileReference; lastKnownFileType = sourcecode.swift; path = Indicator.swift; sourceTree = "<group>"; };
/* End PBXFileReference section */

/* Begin PBXFrameworksBuildPhase section */
		B3084EB621C9FB9E000C5C93 /* Frameworks */ = {
			isa = PBXFrameworksBuildPhase;
			buildActionMask = 2147483647;
			files = (
			);
			runOnlyForDeploymentPostprocessing = 0;
		};
/* End PBXFrameworksBuildPhase section */

/* Begin PBXGroup section */
		B3084EB021C9FB9E000C5C93 = {
			isa = PBXGroup;
			children = (
				B3084EBB21C9FB9E000C5C93 /* CustomerIndicator */,
				B3084EBA21C9FB9E000C5C93 /* Products */,
			);
			sourceTree = "<group>";
		};
		B3084EBA21C9FB9E000C5C93 /* Products */ = {
			isa = PBXGroup;
			children = (
				B3084EB921C9FB9E000C5C93 /* CustomerIndicator.app */,
			);
			name = Products;
			sourceTree = "<group>";
		};
		B3084EBB21C9FB9E000C5C93 /* CustomerIndicator */ = {
			isa = PBXGroup;
			children = (
				B3084ED321C9FC8A000C5C93 /* Indicator */,
				B3084ECE21C9FBAB000C5C93 /* home */,
				B3084EBC21C9FB9E000C5C93 /* AppDelegate.swift */,
				B3084EBE21C9FB9E000C5C93 /* ViewController.swift */,
				B3084EC021C9FB9E000C5C93 /* Main.storyboard */,
				B3084EC321C9FBA0000C5C93 /* Assets.xcassets */,
				B3084EC521C9FBA0000C5C93 /* LaunchScreen.storyboard */,
				B3084EC821C9FBA0000C5C93 /* Info.plist */,
			);
			path = CustomerIndicator;
			sourceTree = "<group>";
		};
		B3084ECE21C9FBAB000C5C93 /* home */ = {
			isa = PBXGroup;
			children = (
				B3084ECF21C9FBC2000C5C93 /* HomeViewController.swift */,
				B3084ED021C9FBC2000C5C93 /* HomeViewController.xib */,
			);
			path = home;
			sourceTree = "<group>";
		};
		B3084ED321C9FC8A000C5C93 /* Indicator */ = {
			isa = PBXGroup;
			children = (
				B3084ED421C9FCA0000C5C93 /* Indicator.xib */,
				B3084ED621C9FCB0000C5C93 /* Indicator.swift */,
			);
			path = Indicator;
			sourceTree = "<group>";
		};
/* End PBXGroup section */

/* Begin PBXNativeTarget section */
		B3084EB821C9FB9E000C5C93 /* CustomerIndicator */ = {
			isa = PBXNativeTarget;
			buildConfigurationList = B3084ECB21C9FBA0000C5C93 /* Build configuration list for PBXNativeTarget "CustomerIndicator" */;
			buildPhases = (
				B3084EB521C9FB9E000C5C93 /* Sources */,
				B3084EB621C9FB9E000C5C93 /* Frameworks */,
				B3084EB721C9FB9E000C5C93 /* Resources */,
			);
			buildRules = (
			);
			dependencies = (
			);
			name = CustomerIndicator;
			productName = CustomerIndicator;
			productReference = B3084EB921C9FB9E000C5C93 /* CustomerIndicator.app */;
			productType = "com.apple.product-type.application";
		};
/* End PBXNativeTarget section */

/* Begin PBXProject section */
		B3084EB121C9FB9E000C5C93 /* Project object */ = {
			isa = PBXProject;
			attributes = {
				LastSwiftUpdateCheck = 1010;
				LastUpgradeCheck = 1010;
				ORGANIZATIONNAME = "DINH VAN TIEN";
				TargetAttributes = {
					B3084EB821C9FB9E000C5C93 = {
						CreatedOnToolsVersion = 10.1;
					};
				};
			};
			buildConfigurationList = B3084EB421C9FB9E000C5C93 /* Build configuration list for PBXProject "CustomerIndicator" */;
			compatibilityVersion = "Xcode 9.3";
			developmentRegion = en;
			hasScannedForEncodings = 0;
			knownRegions = (
				en,
				Base,
			);
			mainGroup = B3084EB021C9FB9E000C5C93;
			productRefGroup = B3084EBA21C9FB9E000C5C93 /* Products */;
			projectDirPath = "";
			projectRoot = "";
			targets = (
				B3084EB821C9FB9E000C5C93 /* CustomerIndicator */,
			);
		};
/* End PBXProject section */

/* Begin PBXResourcesBuildPhase section */
		B3084EB721C9FB9E000C5C93 /* Resources */ = {
			isa = PBXResourcesBuildPhase;
			buildActionMask = 2147483647;
			files = (
				B3084EC721C9FBA0000C5C93 /* LaunchScreen.storyboard in Resources */,
				B3084EC421C9FBA0000C5C93 /* Assets.xcassets in Resources */,
				B3084EC221C9FB9E000C5C93 /* Main.storyboard in Resources */,
				B3084ED221C9FBC2000C5C93 /* HomeViewController.xib in Resources */,
				B3084ED521C9FCA0000C5C93 /* Indicator.xib in Resources */,
			);
			runOnlyForDeploymentPostprocessing = 0;
		};
/* End PBXResourcesBuildPhase section */

/* Begin PBXSourcesBuildPhase section */
		B3084EB521C9FB9E000C5C93 /* Sources */ = {
			isa = PBXSourcesBuildPhase;
			buildActionMask = 2147483647;
			files = (
				B3084EBF21C9FB9E000C5C93 /* ViewController.swift in Sources */,
				B3084EBD21C9FB9E000C5C93 /* AppDelegate.swift in Sources */,
				B3084ED121C9FBC2000C5C93 /* HomeViewController.swift in Sources */,
				B3084ED721C9FCB0000C5C93 /* Indicator.swift in Sources */,
			);
			runOnlyForDeploymentPostprocessing = 0;
		};
/* End PBXSourcesBuildPhase section */

/* Begin PBXVariantGroup section */
		B3084EC021C9FB9E000C5C93 /* Main.storyboard */ = {
			isa = PBXVariantGroup;
			children = (
				B3084EC121C9FB9E000C5C93 /* Base */,
			);
			name = Main.storyboard;
			sourceTree = "<group>";
		};
		B3084EC521C9FBA0000C5C93 /* LaunchScreen.storyboard */ = {
			isa = PBXVariantGroup;
			children = (
				B3084EC621C9FBA0000C5C93 /* Base */,
			);
			name = LaunchScreen.storyboard;
			sourceTree = "<group>";
		};
/* End PBXVariantGroup section */

/* Begin XCBuildConfiguration section */
		B3084EC921C9FBA0000C5C93 /* Debug */ = {
			isa = XCBuildConfiguration;
			buildSettings = {
				ALWAYS_SEARCH_USER_PATHS = NO;
				CLANG_ANALYZER_NONNULL = YES;
				CLANG_ANALYZER_NUMBER_OBJECT_CONVERSION = YES_AGGRESSIVE;
				CLANG_CXX_LANGUAGE_STANDARD = "gnu++14";
				CLANG_CXX_LIBRARY = "libc++";
				CLANG_ENABLE_MODULES = YES;
				CLANG_ENABLE_OBJC_ARC = YES;
				CLANG_ENABLE_OBJC_WEAK = YES;
				CLANG_WARN_BLOCK_CAPTURE_AUTORELEASING = YES;
				CLANG_WARN_BOOL_CONVERSION = YES;
				CLANG_WARN_COMMA = YES;
				CLANG_WARN_CONSTANT_CONVERSION = YES;
				CLANG_WARN_DEPRECATED_OBJC_IMPLEMENTATIONS = YES;
				CLANG_WARN_DIRECT_OBJC_ISA_USAGE = YES_ERROR;
				CLANG_WARN_DOCUMENTATION_COMMENTS = YES;
				CLANG_WARN_EMPTY_BODY = YES;
				CLANG_WARN_ENUM_CONVERSION = YES;
				CLANG_WARN_INFINITE_RECURSION = YES;
				CLANG_WARN_INT_CONVERSION = YES;
				CLANG_WARN_NON_LITERAL_NULL_CONVERSION = YES;
				CLANG_WARN_OBJC_IMPLICIT_RETAIN_SELF = YES;
				CLANG_WARN_OBJC_LITERAL_CONVERSION = YES;
				CLANG_WARN_OBJC_ROOT_CLASS = YES_ERROR;
				CLANG_WARN_RANGE_LOOP_ANALYSIS = YES;
				CLANG_WARN_STRICT_PROTOTYPES = YES;
				CLANG_WARN_SUSPICIOUS_MOVE = YES;
				CLANG_WARN_UNGUARDED_AVAILABILITY = YES_AGGRESSIVE;
				CLANG_WARN_UNREACHABLE_CODE = YES;
				CLANG_WARN__DUPLICATE_METHOD_MATCH = YES;
				CODE_SIGN_IDENTITY = "iPhone Developer";
				COPY_PHASE_STRIP = NO;
				DEBUG_INFORMATION_FORMAT = dwarf;
				ENABLE_STRICT_OBJC_MSGSEND = YES;
				ENABLE_TESTABILITY = YES;
				GCC_C_LANGUAGE_STANDARD = gnu11;
				GCC_DYNAMIC_NO_PIC = NO;
				GCC_NO_COMMON_BLOCKS = YES;
				GCC_OPTIMIZATION_LEVEL = 0;
				GCC_PREPROCESSOR_DEFINITIONS = (
					"DEBUG=1",
					"$(inherited)",
				);
				GCC_WARN_64_TO_32_BIT_CONVERSION = YES;
				GCC_WARN_ABOUT_RETURN_TYPE = YES_ERROR;
				GCC_WARN_UNDECLARED_SELECTOR = YES;
				GCC_WARN_UNINITIALIZED_AUTOS = YES_AGGRESSIVE;
				GCC_WARN_UNUSED_FUNCTION = YES;
				GCC_WARN_UNUSED_VARIABLE = YES;
				IPHONEOS_DEPLOYMENT_TARGET = 12.1;
				MTL_ENABLE_DEBUG_INFO = INCLUDE_SOURCE;
				MTL_FAST_MATH = YES;
				ONLY_ACTIVE_ARCH = YES;
				SDKROOT = iphoneos;
				SWIFT_ACTIVE_COMPILATION_CONDITIONS = DEBUG;
				SWIFT_OPTIMIZATION_LEVEL = "-Onone";
			};
			name = Debug;
		};
		B3084ECA21C9FBA0000C5C93 /* Release */ = {
			isa = XCBuildConfiguration;
			buildSettings = {
				ALWAYS_SEARCH_USER_PATHS = NO;
				CLANG_ANALYZER_NONNULL = YES;
				CLANG_ANALYZER_NUMBER_OBJECT_CONVERSION = YES_AGGRESSIVE;
				CLANG_CXX_LANGUAGE_STANDARD = "gnu++14";
				CLANG_CXX_LIBRARY = "libc++";
				CLANG_ENABLE_MODULES = YES;
				CLANG_ENABLE_OBJC_ARC = YES;
				CLANG_ENABLE_OBJC_WEAK = YES;
				CLANG_WARN_BLOCK_CAPTURE_AUTORELEASING = YES;
				CLANG_WARN_BOOL_CONVERSION = YES;
				CLANG_WARN_COMMA = YES;
				CLANG_WARN_CONSTANT_CONVERSION = YES;
				CLANG_WARN_DEPRECATED_OBJC_IMPLEMENTATIONS = YES;
				CLANG_WARN_DIRECT_OBJC_ISA_USAGE = YES_ERROR;
				CLANG_WARN_DOCUMENTATION_COMMENTS = YES;
				CLANG_WARN_EMPTY_BODY = YES;
				CLANG_WARN_ENUM_CONVERSION = YES;
				CLANG_WARN_INFINITE_RECURSION = YES;
				CLANG_WARN_INT_CONVERSION = YES;
				CLANG_WARN_NON_LITERAL_NULL_CONVERSION = YES;
				CLANG_WARN_OBJC_IMPLICIT_RETAIN_SELF = YES;
				CLANG_WARN_OBJC_LITERAL_CONVERSION = YES;
				CLANG_WARN_OBJC_ROOT_CLASS = YES_ERROR;
				CLANG_WARN_RANGE_LOOP_ANALYSIS = YES;
				CLANG_WARN_STRICT_PROTOTYPES = YES;
				CLANG_WARN_SUSPICIOUS_MOVE = YES;
				CLANG_WARN_UNGUARDED_AVAILABILITY = YES_AGGRESSIVE;
				CLANG_WARN_UNREACHABLE_CODE = YES;
				CLANG_WARN__DUPLICATE_METHOD_MATCH = YES;
				CODE_SIGN_IDENTITY = "iPhone Developer";
				COPY_PHASE_STRIP = NO;
				DEBUG_INFORMATION_FORMAT = "dwarf-with-dsym";
				ENABLE_NS_ASSERTIONS = NO;
				ENABLE_STRICT_OBJC_MSGSEND = YES;
				GCC_C_LANGUAGE_STANDARD = gnu11;
				GCC_NO_COMMON_BLOCKS = YES;
				GCC_WARN_64_TO_32_BIT_CONVERSION = YES;
				GCC_WARN_ABOUT_RETURN_TYPE = YES_ERROR;
				GCC_WARN_UNDECLARED_SELECTOR = YES;
				GCC_WARN_UNINITIALIZED_AUTOS = YES_AGGRESSIVE;
				GCC_WARN_UNUSED_FUNCTION = YES;
				GCC_WARN_UNUSED_VARIABLE = YES;
				IPHONEOS_DEPLOYMENT_TARGET = 12.1;
				MTL_ENABLE_DEBUG_INFO = NO;
				MTL_FAST_MATH = YES;
				SDKROOT = iphoneos;
				SWIFT_COMPILATION_MODE = wholemodule;
				SWIFT_OPTIMIZATION_LEVEL = "-O";
				VALIDATE_PRODUCT = YES;
			};
			name = Release;
		};
		B3084ECC21C9FBA0000C5C93 /* Debug */ = {
			isa = XCBuildConfiguration;
			buildSettings = {
				ASSETCATALOG_COMPILER_APPICON_NAME = AppIcon;
				CODE_SIGN_STYLE = Automatic;
				INFOPLIST_FILE = CustomerIndicator/Info.plist;
				LD_RUNPATH_SEARCH_PATHS = (
					"$(inherited)",
					"@executable_path/Frameworks",
				);
				PRODUCT_BUNDLE_IDENTIFIER = redstar.engma.CustomerIndicator;
				PRODUCT_NAME = "$(TARGET_NAME)";
				SWIFT_VERSION = 4.2;
				TARGETED_DEVICE_FAMILY = "1,2";
			};
			name = Debug;
		};
		B3084ECD21C9FBA0000C5C93 /* Release */ = {
			isa = XCBuildConfiguration;
			buildSettings = {
				ASSETCATALOG_COMPILER_APPICON_NAME = AppIcon;
				CODE_SIGN_STYLE = Automatic;
				INFOPLIST_FILE = CustomerIndicator/Info.plist;
				LD_RUNPATH_SEARCH_PATHS = (
					"$(inherited)",
					"@executable_path/Frameworks",
				);
				PRODUCT_BUNDLE_IDENTIFIER = redstar.engma.CustomerIndicator;
				PRODUCT_NAME = "$(TARGET_NAME)";
				SWIFT_VERSION = 4.2;
				TARGETED_DEVICE_FAMILY = "1,2";
			};
			name = Release;
		};
/* End XCBuildConfiguration section */

/* Begin XCConfigurationList section */
		B3084EB421C9FB9E000C5C93 /* Build configuration list for PBXProject "CustomerIndicator" */ = {
			isa = XCConfigurationList;
			buildConfigurations = (
				B3084EC921C9FBA0000C5C93 /* Debug */,
				B3084ECA21C9FBA0000C5C93 /* Release */,
			);
			defaultConfigurationIsVisible = 0;
			defaultConfigurationName = Release;
		};
		B3084ECB21C9FBA0000C5C93 /* Build configuration list for PBXNativeTarget "CustomerIndicator" */ = {
			isa = XCConfigurationList;
			buildConfigurations = (
				B3084ECC21C9FBA0000C5C93 /* Debug */,
				B3084ECD21C9FBA0000C5C93 /* Release */,
			);
			defaultConfigurationIsVisible = 0;
			defaultConfigurationName = Release;
		};
/* End XCConfigurationList section */
	};
	rootObject = B3084EB121C9FB9E000C5C93 /* Project object */;
}
