// !$*UTF8*$!
{
	archiveVersion = 1;
	classes = {
	};
	objectVersion = 50;
	objects = {

/* Begin PBXBuildFile section */
		B3B514E922DECFB100BAC20A /* AppDelegate.swift in Sources */ = {isa = PBXBuildFile; fileRef = B3B514E822DECFB100BAC20A /* AppDelegate.swift */; };
		B3B514EB22DECFB100BAC20A /* ViewController.swift in Sources */ = {isa = PBXBuildFile; fileRef = B3B514EA22DECFB100BAC20A /* ViewController.swift */; };
		B3B514EE22DECFB100BAC20A /* Main.storyboard in Resources */ = {isa = PBXBuildFile; fileRef = B3B514EC22DECFB100BAC20A /* Main.storyboard */; };
		B3B514F022DECFB300BAC20A /* Assets.xcassets in Resources */ = {isa = PBXBuildFile; fileRef = B3B514EF22DECFB300BAC20A /* Assets.xcassets */; };
		B3B514F322DECFB300BAC20A /* LaunchScreen.storyboard in Resources */ = {isa = PBXBuildFile; fileRef = B3B514F122DECFB300BAC20A /* LaunchScreen.storyboard */; };
		B3B514FD22DECFD200BAC20A /* HomeViewController.swift in Sources */ = {isa = PBXBuildFile; fileRef = B3B514FB22DECFD200BAC20A /* HomeViewController.swift */; };
		B3B514FE22DECFD300BAC20A /* HomeViewController.xib in Resources */ = {isa = PBXBuildFile; fileRef = B3B514FC22DECFD200BAC20A /* HomeViewController.xib */; };
/* End PBXBuildFile section */

/* Begin PBXFileReference section */
		B3B514E522DECFB100BAC20A /* TestSizeClass.app */ = {isa = PBXFileReference; explicitFileType = wrapper.application; includeInIndex = 0; path = TestSizeClass.app; sourceTree = BUILT_PRODUCTS_DIR; };
		B3B514E822DECFB100BAC20A /* AppDelegate.swift */ = {isa = PBXFileReference; lastKnownFileType = sourcecode.swift; path = AppDelegate.swift; sourceTree = "<group>"; };
		B3B514EA22DECFB100BAC20A /* ViewController.swift */ = {isa = PBXFileReference; lastKnownFileType = sourcecode.swift; path = ViewController.swift; sourceTree = "<group>"; };
		B3B514ED22DECFB100BAC20A /* Base */ = {isa = PBXFileReference; lastKnownFileType = file.storyboard; name = Base; path = Base.lproj/Main.storyboard; sourceTree = "<group>"; };
		B3B514EF22DECFB300BAC20A /* Assets.xcassets */ = {isa = PBXFileReference; lastKnownFileType = folder.assetcatalog; path = Assets.xcassets; sourceTree = "<group>"; };
		B3B514F222DECFB300BAC20A /* Base */ = {isa = PBXFileReference; lastKnownFileType = file.storyboard; name = Base; path = Base.lproj/LaunchScreen.storyboard; sourceTree = "<group>"; };
		B3B514F422DECFB300BAC20A /* Info.plist */ = {isa = PBXFileReference; lastKnownFileType = text.plist.xml; path = Info.plist; sourceTree = "<group>"; };
		B3B514FB22DECFD200BAC20A /* HomeViewController.swift */ = {isa = PBXFileReference; lastKnownFileType = sourcecode.swift; path = HomeViewController.swift; sourceTree = "<group>"; };
		B3B514FC22DECFD200BAC20A /* HomeViewController.xib */ = {isa = PBXFileReference; lastKnownFileType = file.xib; path = HomeViewController.xib; sourceTree = "<group>"; };
/* End PBXFileReference section */

/* Begin PBXFrameworksBuildPhase section */
		B3B514E222DECFB100BAC20A /* Frameworks */ = {
			isa = PBXFrameworksBuildPhase;
			buildActionMask = 2147483647;
			files = (
			);
			runOnlyForDeploymentPostprocessing = 0;
		};
/* End PBXFrameworksBuildPhase section */

/* Begin PBXGroup section */
		B3B514DC22DECFB100BAC20A = {
			isa = PBXGroup;
			children = (
				B3B514E722DECFB100BAC20A /* TestSizeClass */,
				B3B514E622DECFB100BAC20A /* Products */,
			);
			sourceTree = "<group>";
		};
		B3B514E622DECFB100BAC20A /* Products */ = {
			isa = PBXGroup;
			children = (
				B3B514E522DECFB100BAC20A /* TestSizeClass.app */,
			);
			name = Products;
			sourceTree = "<group>";
		};
		B3B514E722DECFB100BAC20A /* TestSizeClass */ = {
			isa = PBXGroup;
			children = (
				B3B514FA22DECFC400BAC20A /* Home */,
				B3B514E822DECFB100BAC20A /* AppDelegate.swift */,
				B3B514EA22DECFB100BAC20A /* ViewController.swift */,
				B3B514EC22DECFB100BAC20A /* Main.storyboard */,
				B3B514EF22DECFB300BAC20A /* Assets.xcassets */,
				B3B514F122DECFB300BAC20A /* LaunchScreen.storyboard */,
				B3B514F422DECFB300BAC20A /* Info.plist */,
			);
			path = TestSizeClass;
			sourceTree = "<group>";
		};
		B3B514FA22DECFC400BAC20A /* Home */ = {
			isa = PBXGroup;
			children = (
				B3B514FB22DECFD200BAC20A /* HomeViewController.swift */,
				B3B514FC22DECFD200BAC20A /* HomeViewController.xib */,
			);
			path = Home;
			sourceTree = "<group>";
		};
/* End PBXGroup section */

/* Begin PBXNativeTarget section */
		B3B514E422DECFB100BAC20A /* TestSizeClass */ = {
			isa = PBXNativeTarget;
			buildConfigurationList = B3B514F722DECFB300BAC20A /* Build configuration list for PBXNativeTarget "TestSizeClass" */;
			buildPhases = (
				B3B514E122DECFB100BAC20A /* Sources */,
				B3B514E222DECFB100BAC20A /* Frameworks */,
				B3B514E322DECFB100BAC20A /* Resources */,
			);
			buildRules = (
			);
			dependencies = (
			);
			name = TestSizeClass;
			productName = TestSizeClass;
			productReference = B3B514E522DECFB100BAC20A /* TestSizeClass.app */;
			productType = "com.apple.product-type.application";
		};
/* End PBXNativeTarget section */

/* Begin PBXProject section */
		B3B514DD22DECFB100BAC20A /* Project object */ = {
			isa = PBXProject;
			attributes = {
				LastSwiftUpdateCheck = 1020;
				LastUpgradeCheck = 1020;
				ORGANIZATIONNAME = "DINH VAN TIEN";
				TargetAttributes = {
					B3B514E422DECFB100BAC20A = {
						CreatedOnToolsVersion = 10.2.1;
					};
				};
			};
			buildConfigurationList = B3B514E022DECFB100BAC20A /* Build configuration list for PBXProject "TestSizeClass" */;
			compatibilityVersion = "Xcode 9.3";
			developmentRegion = en;
			hasScannedForEncodings = 0;
			knownRegions = (
				en,
				Base,
			);
			mainGroup = B3B514DC22DECFB100BAC20A;
			productRefGroup = B3B514E622DECFB100BAC20A /* Products */;
			projectDirPath = "";
			projectRoot = "";
			targets = (
				B3B514E422DECFB100BAC20A /* TestSizeClass */,
			);
		};
/* End PBXProject section */

/* Begin PBXResourcesBuildPhase section */
		B3B514E322DECFB100BAC20A /* Resources */ = {
			isa = PBXResourcesBuildPhase;
			buildActionMask = 2147483647;
			files = (
				B3B514F322DECFB300BAC20A /* LaunchScreen.storyboard in Resources */,
				B3B514F022DECFB300BAC20A /* Assets.xcassets in Resources */,
				B3B514EE22DECFB100BAC20A /* Main.storyboard in Resources */,
				B3B514FE22DECFD300BAC20A /* HomeViewController.xib in Resources */,
			);
			runOnlyForDeploymentPostprocessing = 0;
		};
/* End PBXResourcesBuildPhase section */

/* Begin PBXSourcesBuildPhase section */
		B3B514E122DECFB100BAC20A /* Sources */ = {
			isa = PBXSourcesBuildPhase;
			buildActionMask = 2147483647;
			files = (
				B3B514EB22DECFB100BAC20A /* ViewController.swift in Sources */,
				B3B514E922DECFB100BAC20A /* AppDelegate.swift in Sources */,
				B3B514FD22DECFD200BAC20A /* HomeViewController.swift in Sources */,
			);
			runOnlyForDeploymentPostprocessing = 0;
		};
/* End PBXSourcesBuildPhase section */

/* Begin PBXVariantGroup section */
		B3B514EC22DECFB100BAC20A /* Main.storyboard */ = {
			isa = PBXVariantGroup;
			children = (
				B3B514ED22DECFB100BAC20A /* Base */,
			);
			name = Main.storyboard;
			sourceTree = "<group>";
		};
		B3B514F122DECFB300BAC20A /* LaunchScreen.storyboard */ = {
			isa = PBXVariantGroup;
			children = (
				B3B514F222DECFB300BAC20A /* Base */,
			);
			name = LaunchScreen.storyboard;
			sourceTree = "<group>";
		};
/* End PBXVariantGroup section */

/* Begin XCBuildConfiguration section */
		B3B514F522DECFB300BAC20A /* Debug */ = {
			isa = XCBuildConfiguration;
			buildSettings = {
				ALWAYS_SEARCH_USER_PATHS = NO;
				CLANG_ANALYZER_NONNULL = YES;
				CLANG_ANALYZER_NUMBER_OBJECT_CONVERSION = YES_AGGRESSIVE;
				CLANG_CXX_LANGUAGE_STANDARD = "gnu++14";
				CLANG_CXX_LIBRARY = "libc++";
				CLANG_ENABLE_MODULES = YES;
				CLANG_ENABLE_OBJC_ARC = YES;
				CLANG_ENABLE_OBJC_WEAK = YES;
				CLANG_WARN_BLOCK_CAPTURE_AUTORELEASING = YES;
				CLANG_WARN_BOOL_CONVERSION = YES;
				CLANG_WARN_COMMA = YES;
				CLANG_WARN_CONSTANT_CONVERSION = YES;
				CLANG_WARN_DEPRECATED_OBJC_IMPLEMENTATIONS = YES;
				CLANG_WARN_DIRECT_OBJC_ISA_USAGE = YES_ERROR;
				CLANG_WARN_DOCUMENTATION_COMMENTS = YES;
				CLANG_WARN_EMPTY_BODY = YES;
				CLANG_WARN_ENUM_CONVERSION = YES;
				CLANG_WARN_INFINITE_RECURSION = YES;
				CLANG_WARN_INT_CONVERSION = YES;
				CLANG_WARN_NON_LITERAL_NULL_CONVERSION = YES;
				CLANG_WARN_OBJC_IMPLICIT_RETAIN_SELF = YES;
				CLANG_WARN_OBJC_LITERAL_CONVERSION = YES;
				CLANG_WARN_OBJC_ROOT_CLASS = YES_ERROR;
				CLANG_WARN_RANGE_LOOP_ANALYSIS = YES;
				CLANG_WARN_STRICT_PROTOTYPES = YES;
				CLANG_WARN_SUSPICIOUS_MOVE = YES;
				CLANG_WARN_UNGUARDED_AVAILABILITY = YES_AGGRESSIVE;
				CLANG_WARN_UNREACHABLE_CODE = YES;
				CLANG_WARN__DUPLICATE_METHOD_MATCH = YES;
				CODE_SIGN_IDENTITY = "iPhone Developer";
				COPY_PHASE_STRIP = NO;
				DEBUG_INFORMATION_FORMAT = dwarf;
				ENABLE_STRICT_OBJC_MSGSEND = YES;
				ENABLE_TESTABILITY = YES;
				GCC_C_LANGUAGE_STANDARD = gnu11;
				GCC_DYNAMIC_NO_PIC = NO;
				GCC_NO_COMMON_BLOCKS = YES;
				GCC_OPTIMIZATION_LEVEL = 0;
				GCC_PREPROCESSOR_DEFINITIONS = (
					"DEBUG=1",
					"$(inherited)",
				);
				GCC_WARN_64_TO_32_BIT_CONVERSION = YES;
				GCC_WARN_ABOUT_RETURN_TYPE = YES_ERROR;
				GCC_WARN_UNDECLARED_SELECTOR = YES;
				GCC_WARN_UNINITIALIZED_AUTOS = YES_AGGRESSIVE;
				GCC_WARN_UNUSED_FUNCTION = YES;
				GCC_WARN_UNUSED_VARIABLE = YES;
				IPHONEOS_DEPLOYMENT_TARGET = 12.2;
				MTL_ENABLE_DEBUG_INFO = INCLUDE_SOURCE;
				MTL_FAST_MATH = YES;
				ONLY_ACTIVE_ARCH = YES;
				SDKROOT = iphoneos;
				SWIFT_ACTIVE_COMPILATION_CONDITIONS = DEBUG;
				SWIFT_OPTIMIZATION_LEVEL = "-Onone";
			};
			name = Debug;
		};
		B3B514F622DECFB300BAC20A /* Release */ = {
			isa = XCBuildConfiguration;
			buildSettings = {
				ALWAYS_SEARCH_USER_PATHS = NO;
				CLANG_ANALYZER_NONNULL = YES;
				CLANG_ANALYZER_NUMBER_OBJECT_CONVERSION = YES_AGGRESSIVE;
				CLANG_CXX_LANGUAGE_STANDARD = "gnu++14";
				CLANG_CXX_LIBRARY = "libc++";
				CLANG_ENABLE_MODULES = YES;
				CLANG_ENABLE_OBJC_ARC = YES;
				CLANG_ENABLE_OBJC_WEAK = YES;
				CLANG_WARN_BLOCK_CAPTURE_AUTORELEASING = YES;
				CLANG_WARN_BOOL_CONVERSION = YES;
				CLANG_WARN_COMMA = YES;
				CLANG_WARN_CONSTANT_CONVERSION = YES;
				CLANG_WARN_DEPRECATED_OBJC_IMPLEMENTATIONS = YES;
				CLANG_WARN_DIRECT_OBJC_ISA_USAGE = YES_ERROR;
				CLANG_WARN_DOCUMENTATION_COMMENTS = YES;
				CLANG_WARN_EMPTY_BODY = YES;
				CLANG_WARN_ENUM_CONVERSION = YES;
				CLANG_WARN_INFINITE_RECURSION = YES;
				CLANG_WARN_INT_CONVERSION = YES;
				CLANG_WARN_NON_LITERAL_NULL_CONVERSION = YES;
				CLANG_WARN_OBJC_IMPLICIT_RETAIN_SELF = YES;
				CLANG_WARN_OBJC_LITERAL_CONVERSION = YES;
				CLANG_WARN_OBJC_ROOT_CLASS = YES_ERROR;
				CLANG_WARN_RANGE_LOOP_ANALYSIS = YES;
				CLANG_WARN_STRICT_PROTOTYPES = YES;
				CLANG_WARN_SUSPICIOUS_MOVE = YES;
				CLANG_WARN_UNGUARDED_AVAILABILITY = YES_AGGRESSIVE;
				CLANG_WARN_UNREACHABLE_CODE = YES;
				CLANG_WARN__DUPLICATE_METHOD_MATCH = YES;
				CODE_SIGN_IDENTITY = "iPhone Developer";
				COPY_PHASE_STRIP = NO;
				DEBUG_INFORMATION_FORMAT = "dwarf-with-dsym";
				ENABLE_NS_ASSERTIONS = NO;
				ENABLE_STRICT_OBJC_MSGSEND = YES;
				GCC_C_LANGUAGE_STANDARD = gnu11;
				GCC_NO_COMMON_BLOCKS = YES;
				GCC_WARN_64_TO_32_BIT_CONVERSION = YES;
				GCC_WARN_ABOUT_RETURN_TYPE = YES_ERROR;
				GCC_WARN_UNDECLARED_SELECTOR = YES;
				GCC_WARN_UNINITIALIZED_AUTOS = YES_AGGRESSIVE;
				GCC_WARN_UNUSED_FUNCTION = YES;
				GCC_WARN_UNUSED_VARIABLE = YES;
				IPHONEOS_DEPLOYMENT_TARGET = 12.2;
				MTL_ENABLE_DEBUG_INFO = NO;
				MTL_FAST_MATH = YES;
				SDKROOT = iphoneos;
				SWIFT_COMPILATION_MODE = wholemodule;
				SWIFT_OPTIMIZATION_LEVEL = "-O";
				VALIDATE_PRODUCT = YES;
			};
			name = Release;
		};
		B3B514F822DECFB300BAC20A /* Debug */ = {
			isa = XCBuildConfiguration;
			buildSettings = {
				ASSETCATALOG_COMPILER_APPICON_NAME = AppIcon;
				CODE_SIGN_STYLE = Automatic;
				INFOPLIST_FILE = TestSizeClass/Info.plist;
				LD_RUNPATH_SEARCH_PATHS = (
					"$(inherited)",
					"@executable_path/Frameworks",
				);
				PRODUCT_BUNDLE_IDENTIFIER = lacviet.com.vn.TestSizeClass;
				PRODUCT_NAME = "$(TARGET_NAME)";
				SWIFT_VERSION = 5.0;
				TARGETED_DEVICE_FAMILY = "1,2";
			};
			name = Debug;
		};
		B3B514F922DECFB300BAC20A /* Release */ = {
			isa = XCBuildConfiguration;
			buildSettings = {
				ASSETCATALOG_COMPILER_APPICON_NAME = AppIcon;
				CODE_SIGN_STYLE = Automatic;
				INFOPLIST_FILE = TestSizeClass/Info.plist;
				LD_RUNPATH_SEARCH_PATHS = (
					"$(inherited)",
					"@executable_path/Frameworks",
				);
				PRODUCT_BUNDLE_IDENTIFIER = lacviet.com.vn.TestSizeClass;
				PRODUCT_NAME = "$(TARGET_NAME)";
				SWIFT_VERSION = 5.0;
				TARGETED_DEVICE_FAMILY = "1,2";
			};
			name = Release;
		};
/* End XCBuildConfiguration section */

/* Begin XCConfigurationList section */
		B3B514E022DECFB100BAC20A /* Build configuration list for PBXProject "TestSizeClass" */ = {
			isa = XCConfigurationList;
			buildConfigurations = (
				B3B514F522DECFB300BAC20A /* Debug */,
				B3B514F622DECFB300BAC20A /* Release */,
			);
			defaultConfigurationIsVisible = 0;
			defaultConfigurationName = Release;
		};
		B3B514F722DECFB300BAC20A /* Build configuration list for PBXNativeTarget "TestSizeClass" */ = {
			isa = XCConfigurationList;
			buildConfigurations = (
				B3B514F822DECFB300BAC20A /* Debug */,
				B3B514F922DECFB300BAC20A /* Release */,
			);
			defaultConfigurationIsVisible = 0;
			defaultConfigurationName = Release;
		};
/* End XCConfigurationList section */
	};
	rootObject = B3B514DD22DECFB100BAC20A /* Project object */;
}
